
Microsoft Visual Studio Solution File, Format Version 12.00
# Visual Studio Version 17
VisualStudioVersion = 17.12.35707.178 d17.12
MinimumVisualStudioVersion = 10.0.40219.1
Project("{FAE04EC0-301F-11D3-BF4B-00C04F79EFBC}") = "DeberFiguras", "DeberFiguras\DeberFiguras.csproj", "{5F6C48DA-FEAF-4D34-9E1B-0E1E4B4ADA42}"
EndProject
Global
	GlobalSection(SolutionConfigurationPlatforms) = preSolution
		Debug|Any CPU = Debug|Any CPU
		Release|Any CPU = Release|Any CPU
	EndGlobalSection
	GlobalSection(ProjectConfigurationPlatforms) = postSolution
		{5F6C48DA-FEAF-4D34-9E1B-0E1E4B4ADA42}.Debug|Any CPU.ActiveCfg = Debug|Any CPU
		{5F6C48DA-FEAF-4D34-9E1B-0E1E4B4ADA42}.Debug|Any CPU.Build.0 = Debug|Any CPU
		{5F6C48DA-FEAF-4D34-9E1B-0E1E4B4ADA42}.Release|Any CPU.ActiveCfg = Release|Any CPU
		{5F6C48DA-FEAF-4D34-9E1B-0E1E4B4ADA42}.Release|Any CPU.Build.0 = Release|Any CPU
	EndGlobalSection
	GlobalSection(SolutionProperties) = preSolution
		HideSolutionNode = FALSE
	EndGlobalSection
EndGlobal
